<Solution>
  <Project Path="TechnicalAssessment/TechnicalAssessment.csproj" />
  <Project Path="../TechnicalAssessment.Domain/TechnicalAssessment.Domain.csproj" />
  <Project Path="../TechnicalAssessment.Application/TechnicalAssessment.Application.csproj" />
  <Project Path="../TechnicalAssessment.Infrastructure/TechnicalAssessment.Infrastructure.csproj" />
</Solution>
